// !$*UTF8*$!
{
	archiveVersion = 1;
	classes = {
	};
	objectVersion = 50;
	objects = {

/* Begin PBXBuildFile section */
		102F10D6247FCA670059A5AA /* AppDelegate.swift in Sources */ = {isa = PBXBuildFile; fileRef = 102F10D5247FCA670059A5AA /* AppDelegate.swift */; };
		102F10D8247FCA670059A5AA /* SceneDelegate.swift in Sources */ = {isa = PBXBuildFile; fileRef = 102F10D7247FCA670059A5AA /* SceneDelegate.swift */; };
		102F10DA247FCA670059A5AA /* IGDViewController.swift in Sources */ = {isa = PBXBuildFile; fileRef = 102F10D9247FCA670059A5AA /* IGDViewController.swift */; };
		102F10DD247FCA670059A5AA /* Main.storyboard in Resources */ = {isa = PBXBuildFile; fileRef = 102F10DB247FCA670059A5AA /* Main.storyboard */; };
		102F10DF247FCA6B0059A5AA /* Assets.xcassets in Resources */ = {isa = PBXBuildFile; fileRef = 102F10DE247FCA6B0059A5AA /* Assets.xcassets */; };
		102F10E2247FCA6B0059A5AA /* LaunchScreen.storyboard in Resources */ = {isa = PBXBuildFile; fileRef = 102F10E0247FCA6B0059A5AA /* LaunchScreen.storyboard */; };
		105A24E524810B3000F47407 /* Roboto-Medium.ttf in Resources */ = {isa = PBXBuildFile; fileRef = 105A24D824810B3000F47407 /* Roboto-Medium.ttf */; };
		105A24E924810B3000F47407 /* Roboto-ThinItalic.ttf in Resources */ = {isa = PBXBuildFile; fileRef = 105A24DC24810B3000F47407 /* Roboto-ThinItalic.ttf */; };
		105A24EA24810B3000F47407 /* Roboto-BoldItalic.ttf in Resources */ = {isa = PBXBuildFile; fileRef = 105A24DD24810B3000F47407 /* Roboto-BoldItalic.ttf */; };
		105A24ED24810B3000F47407 /* LICENSE.txt in Resources */ = {isa = PBXBuildFile; fileRef = 105A24E024810B3000F47407 /* LICENSE.txt */; };
		105A24F024810B3000F47407 /* Roboto-Thin.ttf in Resources */ = {isa = PBXBuildFile; fileRef = 105A24E324810B3000F47407 /* Roboto-Thin.ttf */; };
		105A24F124810B3000F47407 /* Roboto-Black.ttf in Resources */ = {isa = PBXBuildFile; fileRef = 105A24E424810B3000F47407 /* Roboto-Black.ttf */; };
/* End PBXBuildFile section */

/* Begin PBXFileReference section */
		102F10D2247FCA670059A5AA /* Gaming Addiction.app */ = {isa = PBXFileReference; explicitFileType = wrapper.application; includeInIndex = 0; path = "Gaming Addiction.app"; sourceTree = BUILT_PRODUCTS_DIR; };
		102F10D5247FCA670059A5AA /* AppDelegate.swift */ = {isa = PBXFileReference; lastKnownFileType = sourcecode.swift; path = AppDelegate.swift; sourceTree = "<group>"; };
		102F10D7247FCA670059A5AA /* SceneDelegate.swift */ = {isa = PBXFileReference; lastKnownFileType = sourcecode.swift; path = SceneDelegate.swift; sourceTree = "<group>"; };
		102F10D9247FCA670059A5AA /* IGDViewController.swift */ = {isa = PBXFileReference; lastKnownFileType = sourcecode.swift; path = IGDViewController.swift; sourceTree = "<group>"; };
		102F10DC247FCA670059A5AA /* Base */ = {isa = PBXFileReference; lastKnownFileType = file.storyboard; name = Base; path = Base.lproj/Main.storyboard; sourceTree = "<group>"; };
		102F10DE247FCA6B0059A5AA /* Assets.xcassets */ = {isa = PBXFileReference; lastKnownFileType = folder.assetcatalog; path = Assets.xcassets; sourceTree = "<group>"; };
		102F10E1247FCA6B0059A5AA /* Base */ = {isa = PBXFileReference; lastKnownFileType = file.storyboard; name = Base; path = Base.lproj/LaunchScreen.storyboard; sourceTree = "<group>"; };
		102F10E3247FCA6B0059A5AA /* Info.plist */ = {isa = PBXFileReference; lastKnownFileType = text.plist.xml; path = Info.plist; sourceTree = "<group>"; };
		105A24D824810B3000F47407 /* Roboto-Medium.ttf */ = {isa = PBXFileReference; lastKnownFileType = file; path = "Roboto-Medium.ttf"; sourceTree = "<group>"; };
		105A24DC24810B3000F47407 /* Roboto-ThinItalic.ttf */ = {isa = PBXFileReference; lastKnownFileType = file; path = "Roboto-ThinItalic.ttf"; sourceTree = "<group>"; };
		105A24DD24810B3000F47407 /* Roboto-BoldItalic.ttf */ = {isa = PBXFileReference; lastKnownFileType = file; path = "Roboto-BoldItalic.ttf"; sourceTree = "<group>"; };
		105A24E024810B3000F47407 /* LICENSE.txt */ = {isa = PBXFileReference; fileEncoding = 4; lastKnownFileType = text; path = LICENSE.txt; sourceTree = "<group>"; };
		105A24E324810B3000F47407 /* Roboto-Thin.ttf */ = {isa = PBXFileReference; lastKnownFileType = file; path = "Roboto-Thin.ttf"; sourceTree = "<group>"; };
		105A24E424810B3000F47407 /* Roboto-Black.ttf */ = {isa = PBXFileReference; lastKnownFileType = file; path = "Roboto-Black.ttf"; sourceTree = "<group>"; };
/* End PBXFileReference section */

/* Begin PBXFrameworksBuildPhase section */
		102F10CF247FCA670059A5AA /* Frameworks */ = {
			isa = PBXFrameworksBuildPhase;
			buildActionMask = 2147483647;
			files = (
			);
			runOnlyForDeploymentPostprocessing = 0;
		};
/* End PBXFrameworksBuildPhase section */

/* Begin PBXGroup section */
		102F10C9247FCA670059A5AA = {
			isa = PBXGroup;
			children = (
				102F10D4247FCA670059A5AA /* Gaming Addiction */,
				102F10D3247FCA670059A5AA /* Products */,
			);
			sourceTree = "<group>";
		};
		102F10D3247FCA670059A5AA /* Products */ = {
			isa = PBXGroup;
			children = (
				102F10D2247FCA670059A5AA /* Gaming Addiction.app */,
			);
			name = Products;
			sourceTree = "<group>";
		};
		102F10D4247FCA670059A5AA /* Gaming Addiction */ = {
			isa = PBXGroup;
			children = (
				105A24D724810B3000F47407 /* Roboto */,
				102F10E3247FCA6B0059A5AA /* Info.plist */,
				102F10D5247FCA670059A5AA /* AppDelegate.swift */,
				102F10D7247FCA670059A5AA /* SceneDelegate.swift */,
				102F10DE247FCA6B0059A5AA /* Assets.xcassets */,
				102F10EC24801C540059A5AA /* Storyboards */,
				102F10EB24801C430059A5AA /* Controllers */,
			);
			path = "Gaming Addiction";
			sourceTree = "<group>";
		};
		102F10EB24801C430059A5AA /* Controllers */ = {
			isa = PBXGroup;
			children = (
				102F10D9247FCA670059A5AA /* IGDViewController.swift */,
			);
			name = Controllers;
			sourceTree = "<group>";
		};
		102F10EC24801C540059A5AA /* Storyboards */ = {
			isa = PBXGroup;
			children = (
				102F10E0247FCA6B0059A5AA /* LaunchScreen.storyboard */,
				102F10DB247FCA670059A5AA /* Main.storyboard */,
			);
			path = Storyboards;
			sourceTree = "<group>";
		};
		105A24D724810B3000F47407 /* Roboto */ = {
			isa = PBXGroup;
			children = (
				105A24E024810B3000F47407 /* LICENSE.txt */,
				105A24E324810B3000F47407 /* Roboto-Thin.ttf */,
				105A24D824810B3000F47407 /* Roboto-Medium.ttf */,
				105A24E424810B3000F47407 /* Roboto-Black.ttf */,
				105A24DC24810B3000F47407 /* Roboto-ThinItalic.ttf */,
				105A24DD24810B3000F47407 /* Roboto-BoldItalic.ttf */,
			);
			path = Roboto;
			sourceTree = SOURCE_ROOT;
		};
/* End PBXGroup section */

/* Begin PBXNativeTarget section */
		102F10D1247FCA670059A5AA /* Gaming Addiction */ = {
			isa = PBXNativeTarget;
			buildConfigurationList = 102F10E6247FCA6B0059A5AA /* Build configuration list for PBXNativeTarget "Gaming Addiction" */;
			buildPhases = (
				102F10CE247FCA670059A5AA /* Sources */,
				102F10CF247FCA670059A5AA /* Frameworks */,
				102F10D0247FCA670059A5AA /* Resources */,
			);
			buildRules = (
			);
			dependencies = (
			);
			name = "Gaming Addiction";
			productName = "Gaming Addiction";
			productReference = 102F10D2247FCA670059A5AA /* Gaming Addiction.app */;
			productType = "com.apple.product-type.application";
		};
/* End PBXNativeTarget section */

/* Begin PBXProject section */
		102F10CA247FCA670059A5AA /* Project object */ = {
			isa = PBXProject;
			attributes = {
				LastSwiftUpdateCheck = 1140;
				LastUpgradeCheck = 1140;
				ORGANIZATIONNAME = "Anish Kochhar";
				TargetAttributes = {
					102F10D1247FCA670059A5AA = {
						CreatedOnToolsVersion = 11.4;
					};
				};
			};
			buildConfigurationList = 102F10CD247FCA670059A5AA /* Build configuration list for PBXProject "Gaming Addiction" */;
			compatibilityVersion = "Xcode 9.3";
			developmentRegion = en;
			hasScannedForEncodings = 0;
			knownRegions = (
				en,
				Base,
			);
			mainGroup = 102F10C9247FCA670059A5AA;
			productRefGroup = 102F10D3247FCA670059A5AA /* Products */;
			projectDirPath = "";
			projectRoot = "";
			targets = (
				102F10D1247FCA670059A5AA /* Gaming Addiction */,
			);
		};
/* End PBXProject section */

/* Begin PBXResourcesBuildPhase section */
		102F10D0247FCA670059A5AA /* Resources */ = {
			isa = PBXResourcesBuildPhase;
			buildActionMask = 2147483647;
			files = (
				105A24ED24810B3000F47407 /* LICENSE.txt in Resources */,
				105A24EA24810B3000F47407 /* Roboto-BoldItalic.ttf in Resources */,
				105A24E524810B3000F47407 /* Roboto-Medium.ttf in Resources */,
				102F10E2247FCA6B0059A5AA /* LaunchScreen.storyboard in Resources */,
				105A24F024810B3000F47407 /* Roboto-Thin.ttf in Resources */,
				105A24E924810B3000F47407 /* Roboto-ThinItalic.ttf in Resources */,
				105A24F124810B3000F47407 /* Roboto-Black.ttf in Resources */,
				102F10DF247FCA6B0059A5AA /* Assets.xcassets in Resources */,
				102F10DD247FCA670059A5AA /* Main.storyboard in Resources */,
			);
			runOnlyForDeploymentPostprocessing = 0;
		};
/* End PBXResourcesBuildPhase section */

/* Begin PBXSourcesBuildPhase section */
		102F10CE247FCA670059A5AA /* Sources */ = {
			isa = PBXSourcesBuildPhase;
			buildActionMask = 2147483647;
			files = (
				102F10DA247FCA670059A5AA /* IGDViewController.swift in Sources */,
				102F10D6247FCA670059A5AA /* AppDelegate.swift in Sources */,
				102F10D8247FCA670059A5AA /* SceneDelegate.swift in Sources */,
			);
			runOnlyForDeploymentPostprocessing = 0;
		};
/* End PBXSourcesBuildPhase section */

/* Begin PBXVariantGroup section */
		102F10DB247FCA670059A5AA /* Main.storyboard */ = {
			isa = PBXVariantGroup;
			children = (
				102F10DC247FCA670059A5AA /* Base */,
			);
			name = Main.storyboard;
			sourceTree = "<group>";
		};
		102F10E0247FCA6B0059A5AA /* LaunchScreen.storyboard */ = {
			isa = PBXVariantGroup;
			children = (
				102F10E1247FCA6B0059A5AA /* Base */,
			);
			name = LaunchScreen.storyboard;
			sourceTree = "<group>";
		};
/* End PBXVariantGroup section */

/* Begin XCBuildConfiguration section */
		102F10E4247FCA6B0059A5AA /* Debug */ = {
			isa = XCBuildConfiguration;
			buildSettings = {
				ALWAYS_SEARCH_USER_PATHS = NO;
				CLANG_ANALYZER_NONNULL = YES;
				CLANG_ANALYZER_NUMBER_OBJECT_CONVERSION = YES_AGGRESSIVE;
				CLANG_CXX_LANGUAGE_STANDARD = "gnu++14";
				CLANG_CXX_LIBRARY = "libc++";
				CLANG_ENABLE_MODULES = YES;
				CLANG_ENABLE_OBJC_ARC = YES;
				CLANG_ENABLE_OBJC_WEAK = YES;
				CLANG_WARN_BLOCK_CAPTURE_AUTORELEASING = YES;
				CLANG_WARN_BOOL_CONVERSION = YES;
				CLANG_WARN_COMMA = YES;
				CLANG_WARN_CONSTANT_CONVERSION = YES;
				CLANG_WARN_DEPRECATED_OBJC_IMPLEMENTATIONS = YES;
				CLANG_WARN_DIRECT_OBJC_ISA_USAGE = YES_ERROR;
				CLANG_WARN_DOCUMENTATION_COMMENTS = YES;
				CLANG_WARN_EMPTY_BODY = YES;
				CLANG_WARN_ENUM_CONVERSION = YES;
				CLANG_WARN_INFINITE_RECURSION = YES;
				CLANG_WARN_INT_CONVERSION = YES;
				CLANG_WARN_NON_LITERAL_NULL_CONVERSION = YES;
				CLANG_WARN_OBJC_IMPLICIT_RETAIN_SELF = YES;
				CLANG_WARN_OBJC_LITERAL_CONVERSION = YES;
				CLANG_WARN_OBJC_ROOT_CLASS = YES_ERROR;
				CLANG_WARN_RANGE_LOOP_ANALYSIS = YES;
				CLANG_WARN_STRICT_PROTOTYPES = YES;
				CLANG_WARN_SUSPICIOUS_MOVE = YES;
				CLANG_WARN_UNGUARDED_AVAILABILITY = YES_AGGRESSIVE;
				CLANG_WARN_UNREACHABLE_CODE = YES;
				CLANG_WARN__DUPLICATE_METHOD_MATCH = YES;
				COPY_PHASE_STRIP = NO;
				DEBUG_INFORMATION_FORMAT = dwarf;
				ENABLE_STRICT_OBJC_MSGSEND = YES;
				ENABLE_TESTABILITY = YES;
				GCC_C_LANGUAGE_STANDARD = gnu11;
				GCC_DYNAMIC_NO_PIC = NO;
				GCC_NO_COMMON_BLOCKS = YES;
				GCC_OPTIMIZATION_LEVEL = 0;
				GCC_PREPROCESSOR_DEFINITIONS = (
					"DEBUG=1",
					"$(inherited)",
				);
				GCC_WARN_64_TO_32_BIT_CONVERSION = YES;
				GCC_WARN_ABOUT_RETURN_TYPE = YES_ERROR;
				GCC_WARN_UNDECLARED_SELECTOR = YES;
				GCC_WARN_UNINITIALIZED_AUTOS = YES_AGGRESSIVE;
				GCC_WARN_UNUSED_FUNCTION = YES;
				GCC_WARN_UNUSED_VARIABLE = YES;
				IPHONEOS_DEPLOYMENT_TARGET = 13.4;
				MTL_ENABLE_DEBUG_INFO = INCLUDE_SOURCE;
				MTL_FAST_MATH = YES;
				ONLY_ACTIVE_ARCH = YES;
				SDKROOT = iphoneos;
				SWIFT_ACTIVE_COMPILATION_CONDITIONS = DEBUG;
				SWIFT_OPTIMIZATION_LEVEL = "-Onone";
			};
			name = Debug;
		};
		102F10E5247FCA6B0059A5AA /* Release */ = {
			isa = XCBuildConfiguration;
			buildSettings = {
				ALWAYS_SEARCH_USER_PATHS = NO;
				CLANG_ANALYZER_NONNULL = YES;
				CLANG_ANALYZER_NUMBER_OBJECT_CONVERSION = YES_AGGRESSIVE;
				CLANG_CXX_LANGUAGE_STANDARD = "gnu++14";
				CLANG_CXX_LIBRARY = "libc++";
				CLANG_ENABLE_MODULES = YES;
				CLANG_ENABLE_OBJC_ARC = YES;
				CLANG_ENABLE_OBJC_WEAK = YES;
				CLANG_WARN_BLOCK_CAPTURE_AUTORELEASING = YES;
				CLANG_WARN_BOOL_CONVERSION = YES;
				CLANG_WARN_COMMA = YES;
				CLANG_WARN_CONSTANT_CONVERSION = YES;
				CLANG_WARN_DEPRECATED_OBJC_IMPLEMENTATIONS = YES;
				CLANG_WARN_DIRECT_OBJC_ISA_USAGE = YES_ERROR;
				CLANG_WARN_DOCUMENTATION_COMMENTS = YES;
				CLANG_WARN_EMPTY_BODY = YES;
				CLANG_WARN_ENUM_CONVERSION = YES;
				CLANG_WARN_INFINITE_RECURSION = YES;
				CLANG_WARN_INT_CONVERSION = YES;
				CLANG_WARN_NON_LITERAL_NULL_CONVERSION = YES;
				CLANG_WARN_OBJC_IMPLICIT_RETAIN_SELF = YES;
				CLANG_WARN_OBJC_LITERAL_CONVERSION = YES;
				CLANG_WARN_OBJC_ROOT_CLASS = YES_ERROR;
				CLANG_WARN_RANGE_LOOP_ANALYSIS = YES;
				CLANG_WARN_STRICT_PROTOTYPES = YES;
				CLANG_WARN_SUSPICIOUS_MOVE = YES;
				CLANG_WARN_UNGUARDED_AVAILABILITY = YES_AGGRESSIVE;
				CLANG_WARN_UNREACHABLE_CODE = YES;
				CLANG_WARN__DUPLICATE_METHOD_MATCH = YES;
				COPY_PHASE_STRIP = NO;
				DEBUG_INFORMATION_FORMAT = "dwarf-with-dsym";
				ENABLE_NS_ASSERTIONS = NO;
				ENABLE_STRICT_OBJC_MSGSEND = YES;
				GCC_C_LANGUAGE_STANDARD = gnu11;
				GCC_NO_COMMON_BLOCKS = YES;
				GCC_WARN_64_TO_32_BIT_CONVERSION = YES;
				GCC_WARN_ABOUT_RETURN_TYPE = YES_ERROR;
				GCC_WARN_UNDECLARED_SELECTOR = YES;
				GCC_WARN_UNINITIALIZED_AUTOS = YES_AGGRESSIVE;
				GCC_WARN_UNUSED_FUNCTION = YES;
				GCC_WARN_UNUSED_VARIABLE = YES;
				IPHONEOS_DEPLOYMENT_TARGET = 13.4;
				MTL_ENABLE_DEBUG_INFO = NO;
				MTL_FAST_MATH = YES;
				SDKROOT = iphoneos;
				SWIFT_COMPILATION_MODE = wholemodule;
				SWIFT_OPTIMIZATION_LEVEL = "-O";
				VALIDATE_PRODUCT = YES;
			};
			name = Release;
		};
		102F10E7247FCA6B0059A5AA /* Debug */ = {
			isa = XCBuildConfiguration;
			buildSettings = {
				ASSETCATALOG_COMPILER_APPICON_NAME = AppIcon;
				CODE_SIGN_STYLE = Automatic;
				DEVELOPMENT_TEAM = 6XVCDPNNV3;
				INFOPLIST_FILE = "Gaming Addiction/Info.plist";
				LD_RUNPATH_SEARCH_PATHS = (
					"$(inherited)",
					"@executable_path/Frameworks",
				);
				PRODUCT_BUNDLE_IDENTIFIER = "com.example.anish.Gaming-Addiction";
				PRODUCT_NAME = "$(TARGET_NAME)";
				SWIFT_VERSION = 5.0;
				TARGETED_DEVICE_FAMILY = 1;
			};
			name = Debug;
		};
		102F10E8247FCA6B0059A5AA /* Release */ = {
			isa = XCBuildConfiguration;
			buildSettings = {
				ASSETCATALOG_COMPILER_APPICON_NAME = AppIcon;
				CODE_SIGN_STYLE = Automatic;
				DEVELOPMENT_TEAM = 6XVCDPNNV3;
				INFOPLIST_FILE = "Gaming Addiction/Info.plist";
				LD_RUNPATH_SEARCH_PATHS = (
					"$(inherited)",
					"@executable_path/Frameworks",
				);
				PRODUCT_BUNDLE_IDENTIFIER = "com.example.anish.Gaming-Addiction";
				PRODUCT_NAME = "$(TARGET_NAME)";
				SWIFT_VERSION = 5.0;
				TARGETED_DEVICE_FAMILY = 1;
			};
			name = Release;
		};
/* End XCBuildConfiguration section */

/* Begin XCConfigurationList section */
		102F10CD247FCA670059A5AA /* Build configuration list for PBXProject "Gaming Addiction" */ = {
			isa = XCConfigurationList;
			buildConfigurations = (
				102F10E4247FCA6B0059A5AA /* Debug */,
				102F10E5247FCA6B0059A5AA /* Release */,
			);
			defaultConfigurationIsVisible = 0;
			defaultConfigurationName = Release;
		};
		102F10E6247FCA6B0059A5AA /* Build configuration list for PBXNativeTarget "Gaming Addiction" */ = {
			isa = XCConfigurationList;
			buildConfigurations = (
				102F10E7247FCA6B0059A5AA /* Debug */,
				102F10E8247FCA6B0059A5AA /* Release */,
			);
			defaultConfigurationIsVisible = 0;
			defaultConfigurationName = Release;
		};
/* End XCConfigurationList section */
	};
	rootObject = 102F10CA247FCA670059A5AA /* Project object */;
}
